
Microsoft Visual Studio Solution File, Format Version 12.00
# Visual Studio Version 17
VisualStudioVersion = 17.12.35707.178
MinimumVisualStudioVersion = 10.0.40219.1
Project("{2150E333-8FDC-42A3-9474-1A3956D46DE8}") = "Data", "Data", "{AC3CDB99-4D26-4A2B-8FF7-C1871382052B}"
EndProject
Project("{2150E333-8FDC-42A3-9474-1A3956D46DE8}") = "Models", "Models", "{043A168F-FC05-4243-98F5-0FB9F45854FB}"
EndProject
Project("{2150E333-8FDC-42A3-9474-1A3956D46DE8}") = "WebUI", "WebUI", "{4CBBDB69-1277-4D5C-9114-1004BE3D454B}"
EndProject
Project("{FAE04EC0-301F-11D3-BF4B-00C04F79EFBC}") = "eTicaretUygulamasi", "eTicaretUygulamasi\eTicaretUygulamasi.csproj", "{C8646E9C-B963-4303-BD25-9313850B5544}"
EndProject
Project("{FAE04EC0-301F-11D3-BF4B-00C04F79EFBC}") = "eTicaretUygulamasi.DataAccessLayer", "eTicaretUygulamasi.DataAccessLayer\eTicaretUygulamasi.DataAccessLayer.csproj", "{C2CF386D-1DFC-48BE-9CAC-B786D94F8509}"
EndProject
Project("{FAE04EC0-301F-11D3-BF4B-00C04F79EFBC}") = "eTicaretUygulamasi.EntityLayer", "eTicaretUygulamasi.EntityLayer2\eTicaretUygulamasi.EntityLayer.csproj", "{1BD26B46-ADDB-4A30-8291-3B0DA028257F}"
EndProject
Global
	GlobalSection(SolutionConfigurationPlatforms) = preSolution
		Debug|Any CPU = Debug|Any CPU
		Release|Any CPU = Release|Any CPU
	EndGlobalSection
	GlobalSection(ProjectConfigurationPlatforms) = postSolution
		{C8646E9C-B963-4303-BD25-9313850B5544}.Debug|Any CPU.ActiveCfg = Debug|Any CPU
		{C8646E9C-B963-4303-BD25-9313850B5544}.Debug|Any CPU.Build.0 = Debug|Any CPU
		{C8646E9C-B963-4303-BD25-9313850B5544}.Release|Any CPU.ActiveCfg = Release|Any CPU
		{C8646E9C-B963-4303-BD25-9313850B5544}.Release|Any CPU.Build.0 = Release|Any CPU
		{C2CF386D-1DFC-48BE-9CAC-B786D94F8509}.Debug|Any CPU.ActiveCfg = Debug|Any CPU
		{C2CF386D-1DFC-48BE-9CAC-B786D94F8509}.Debug|Any CPU.Build.0 = Debug|Any CPU
		{C2CF386D-1DFC-48BE-9CAC-B786D94F8509}.Release|Any CPU.ActiveCfg = Release|Any CPU
		{C2CF386D-1DFC-48BE-9CAC-B786D94F8509}.Release|Any CPU.Build.0 = Release|Any CPU
		{1BD26B46-ADDB-4A30-8291-3B0DA028257F}.Debug|Any CPU.ActiveCfg = Debug|Any CPU
		{1BD26B46-ADDB-4A30-8291-3B0DA028257F}.Debug|Any CPU.Build.0 = Debug|Any CPU
		{1BD26B46-ADDB-4A30-8291-3B0DA028257F}.Release|Any CPU.ActiveCfg = Release|Any CPU
		{1BD26B46-ADDB-4A30-8291-3B0DA028257F}.Release|Any CPU.Build.0 = Release|Any CPU
	EndGlobalSection
	GlobalSection(SolutionProperties) = preSolution
		HideSolutionNode = FALSE
	EndGlobalSection
	GlobalSection(NestedProjects) = preSolution
		{C8646E9C-B963-4303-BD25-9313850B5544} = {4CBBDB69-1277-4D5C-9114-1004BE3D454B}
		{C2CF386D-1DFC-48BE-9CAC-B786D94F8509} = {AC3CDB99-4D26-4A2B-8FF7-C1871382052B}
		{1BD26B46-ADDB-4A30-8291-3B0DA028257F} = {043A168F-FC05-4243-98F5-0FB9F45854FB}
	EndGlobalSection
EndGlobal
